
Microsoft Visual Studio Solution File, Format Version 12.00
# Visual Studio Version 17
VisualStudioVersion = 17.8.34322.80
MinimumVisualStudioVersion = 10.0.40219.1
Project("{9A19103F-16F7-4668-BE54-9A1E7A4F7556}") = "GameApplication", "GameApplication\GameApplication.csproj", "{9EB90001-5BCC-44CB-BFA4-3EB768798A6A}"
EndProject
Project("{9A19103F-16F7-4668-BE54-9A1E7A4F7556}") = "Game.Manager", "Game.Manager\Game.Manager.csproj", "{1788CF8A-C397-4331-A663-995BDA015628}"
EndProject
Project("{9A19103F-16F7-4668-BE54-9A1E7A4F7556}") = "Game.Repository", "Game.Repository\Game.Repository.csproj", "{BF1846FC-6100-40B6-A023-77DBCCED7AA1}"
EndProject
Project("{9A19103F-16F7-4668-BE54-9A1E7A4F7556}") = "Game.Model", "Game.Model\Game.Model.csproj", "{26FF708E-18A5-4ADF-9967-76FC32F9123B}"
EndProject
Project("{9A19103F-16F7-4668-BE54-9A1E7A4F7556}") = "Game.Manager.Tests", "Game.Manager.Tests\Game.Manager.Tests.csproj", "{6756FDCA-A182-4A64-84C0-8AE7F8DF612C}"
EndProject
Global
	GlobalSection(SolutionConfigurationPlatforms) = preSolution
		Debug|Any CPU = Debug|Any CPU
		Release|Any CPU = Release|Any CPU
	EndGlobalSection
	GlobalSection(ProjectConfigurationPlatforms) = postSolution
		{9EB90001-5BCC-44CB-BFA4-3EB768798A6A}.Debug|Any CPU.ActiveCfg = Debug|Any CPU
		{9EB90001-5BCC-44CB-BFA4-3EB768798A6A}.Debug|Any CPU.Build.0 = Debug|Any CPU
		{9EB90001-5BCC-44CB-BFA4-3EB768798A6A}.Release|Any CPU.ActiveCfg = Release|Any CPU
		{9EB90001-5BCC-44CB-BFA4-3EB768798A6A}.Release|Any CPU.Build.0 = Release|Any CPU
		{1788CF8A-C397-4331-A663-995BDA015628}.Debug|Any CPU.ActiveCfg = Debug|Any CPU
		{1788CF8A-C397-4331-A663-995BDA015628}.Debug|Any CPU.Build.0 = Debug|Any CPU
		{1788CF8A-C397-4331-A663-995BDA015628}.Release|Any CPU.ActiveCfg = Release|Any CPU
		{1788CF8A-C397-4331-A663-995BDA015628}.Release|Any CPU.Build.0 = Release|Any CPU
		{BF1846FC-6100-40B6-A023-77DBCCED7AA1}.Debug|Any CPU.ActiveCfg = Debug|Any CPU
		{BF1846FC-6100-40B6-A023-77DBCCED7AA1}.Debug|Any CPU.Build.0 = Debug|Any CPU
		{BF1846FC-6100-40B6-A023-77DBCCED7AA1}.Release|Any CPU.ActiveCfg = Release|Any CPU
		{BF1846FC-6100-40B6-A023-77DBCCED7AA1}.Release|Any CPU.Build.0 = Release|Any CPU
		{26FF708E-18A5-4ADF-9967-76FC32F9123B}.Debug|Any CPU.ActiveCfg = Debug|Any CPU
		{26FF708E-18A5-4ADF-9967-76FC32F9123B}.Debug|Any CPU.Build.0 = Debug|Any CPU
		{26FF708E-18A5-4ADF-9967-76FC32F9123B}.Release|Any CPU.ActiveCfg = Release|Any CPU
		{26FF708E-18A5-4ADF-9967-76FC32F9123B}.Release|Any CPU.Build.0 = Release|Any CPU
		{6756FDCA-A182-4A64-84C0-8AE7F8DF612C}.Debug|Any CPU.ActiveCfg = Debug|Any CPU
		{6756FDCA-A182-4A64-84C0-8AE7F8DF612C}.Debug|Any CPU.Build.0 = Debug|Any CPU
		{6756FDCA-A182-4A64-84C0-8AE7F8DF612C}.Release|Any CPU.ActiveCfg = Release|Any CPU
		{6756FDCA-A182-4A64-84C0-8AE7F8DF612C}.Release|Any CPU.Build.0 = Release|Any CPU
	EndGlobalSection
	GlobalSection(SolutionProperties) = preSolution
		HideSolutionNode = FALSE
	EndGlobalSection
	GlobalSection(ExtensibilityGlobals) = postSolution
		SolutionGuid = {63A5A98B-EE74-4E5E-854B-4B7BBABA84F5}
	EndGlobalSection
EndGlobal
